
Microsoft Visual Studio Solution File, Format Version 12.00
Project("{FAE04EC0-301F-11D3-BF4B-00C04F79EFBC}") = "Os.Services", "Os.Services\Os.Services.csproj", "{77FE1E81-D5AD-4A88-B80B-5E2F63A9C93F}"
EndProject
Project("{FAE04EC0-301F-11D3-BF4B-00C04F79EFBC}") = "Os.IntegrationTests", "Os.IntegrationTests\Os.IntegrationTests.csproj", "{F692A05D-FACC-468C-8809-58E2BAC28A37}"
EndProject
Project("{FAE04EC0-301F-11D3-BF4B-00C04F79EFBC}") = "Os.UnitTests", "Os.UnitTests\Os.UnitTests.csproj", "{F39BE46E-0369-4C94-9A20-4BF5CE49A7FC}"
EndProject
Project("{FAE04EC0-301F-11D3-BF4B-00C04F79EFBC}") = "Os.Application", "Os.Application\Os.Application.csproj", "{70461D8F-F0FF-4701-BB04-6A1EC25A3F80}"
EndProject
Global
	GlobalSection(SolutionConfigurationPlatforms) = preSolution
		Debug|Any CPU = Debug|Any CPU
		Release|Any CPU = Release|Any CPU
	EndGlobalSection
	GlobalSection(ProjectConfigurationPlatforms) = postSolution
		{77FE1E81-D5AD-4A88-B80B-5E2F63A9C93F}.Debug|Any CPU.ActiveCfg = Debug|Any CPU
		{77FE1E81-D5AD-4A88-B80B-5E2F63A9C93F}.Debug|Any CPU.Build.0 = Debug|Any CPU
		{77FE1E81-D5AD-4A88-B80B-5E2F63A9C93F}.Release|Any CPU.ActiveCfg = Release|Any CPU
		{77FE1E81-D5AD-4A88-B80B-5E2F63A9C93F}.Release|Any CPU.Build.0 = Release|Any CPU
		{F692A05D-FACC-468C-8809-58E2BAC28A37}.Debug|Any CPU.ActiveCfg = Debug|Any CPU
		{F692A05D-FACC-468C-8809-58E2BAC28A37}.Debug|Any CPU.Build.0 = Debug|Any CPU
		{F692A05D-FACC-468C-8809-58E2BAC28A37}.Release|Any CPU.ActiveCfg = Release|Any CPU
		{F692A05D-FACC-468C-8809-58E2BAC28A37}.Release|Any CPU.Build.0 = Release|Any CPU
		{F39BE46E-0369-4C94-9A20-4BF5CE49A7FC}.Debug|Any CPU.ActiveCfg = Debug|Any CPU
		{F39BE46E-0369-4C94-9A20-4BF5CE49A7FC}.Debug|Any CPU.Build.0 = Debug|Any CPU
		{F39BE46E-0369-4C94-9A20-4BF5CE49A7FC}.Release|Any CPU.ActiveCfg = Release|Any CPU
		{F39BE46E-0369-4C94-9A20-4BF5CE49A7FC}.Release|Any CPU.Build.0 = Release|Any CPU
		{70461D8F-F0FF-4701-BB04-6A1EC25A3F80}.Debug|Any CPU.ActiveCfg = Debug|Any CPU
		{70461D8F-F0FF-4701-BB04-6A1EC25A3F80}.Debug|Any CPU.Build.0 = Debug|Any CPU
		{70461D8F-F0FF-4701-BB04-6A1EC25A3F80}.Release|Any CPU.ActiveCfg = Release|Any CPU
		{70461D8F-F0FF-4701-BB04-6A1EC25A3F80}.Release|Any CPU.Build.0 = Release|Any CPU
	EndGlobalSection
EndGlobal
